
Microsoft Visual Studio Solution File, Format Version 12.00
Project("{FAE04EC0-301F-11D3-BF4B-00C04F79EFBC}") = "les1", "les1\les1.csproj", "{ECCFBCB6-4418-4C5C-9913-BE43A010C506}"
EndProject
Project("{FAE04EC0-301F-11D3-BF4B-00C04F79EFBC}") = "les2-1", "les2-1\les2-1.csproj", "{372225C1-57BA-4DF7-B370-E99E9B58801A}"
EndProject
Project("{FAE04EC0-301F-11D3-BF4B-00C04F79EFBC}") = "les2-2", "les2-2\les2-2.csproj", "{CCB0D557-B66B-4837-880E-D88F88201D4A}"
EndProject
Project("{FAE04EC0-301F-11D3-BF4B-00C04F79EFBC}") = "les2-3", "les2-3\les2-3.csproj", "{87F592E0-AF32-4BAD-8627-33E5BCADBBD3}"
EndProject
Project("{FAE04EC0-301F-11D3-BF4B-00C04F79EFBC}") = "les2-4", "les2-4\les2-4.csproj", "{B8C7D805-FF8C-40CD-8BDA-365F994089F7}"
EndProject
Project("{FAE04EC0-301F-11D3-BF4B-00C04F79EFBC}") = "les3-1", "les3-1\les3-1.csproj", "{47C0E48B-2300-4D3F-8866-A23498D89DF8}"
EndProject
Project("{FAE04EC0-301F-11D3-BF4B-00C04F79EFBC}") = "les3-3", "les3-3\les3-3.csproj", "{3EC938FA-6BC3-4878-B23D-85C10BC1B070}"
EndProject
Project("{FAE04EC0-301F-11D3-BF4B-00C04F79EFBC}") = "les3-4", "les3-4\les3-4.csproj", "{ADE4B8F0-9A7A-4283-8E78-46FCDF5DECEE}"
EndProject
Project("{FAE04EC0-301F-11D3-BF4B-00C04F79EFBC}") = "les3-2", "les3-2\les3-2.csproj", "{7E925EF4-BF8E-4FA7-A541-C7B8BA6D9421}"
EndProject
Project("{FAE04EC0-301F-11D3-BF4B-00C04F79EFBC}") = "les4", "les4\les4.csproj", "{C73746AB-6EED-4E4C-93CA-55DA372192F0}"
EndProject
Project("{FAE04EC0-301F-11D3-BF4B-00C04F79EFBC}") = "les5", "les5\les5.csproj", "{6D8DB1EB-0678-4A90-B6F7-13C290F15F5D}"
EndProject
Project("{FAE04EC0-301F-11D3-BF4B-00C04F79EFBC}") = "les8", "les8\les8.csproj", "{D6F1A47D-58AF-46E4-914D-898172F99D5B}"
Project("{FAE04EC0-301F-11D3-BF4B-00C04F79EFBC}") = "les6", "les6\les6.csproj", "{4155D8AC-4839-45DD-ABBF-73A9CE9688AF}"
EndProject
Global
	GlobalSection(SolutionConfigurationPlatforms) = preSolution
		Debug|Any CPU = Debug|Any CPU
		Release|Any CPU = Release|Any CPU
	EndGlobalSection
	GlobalSection(ProjectConfigurationPlatforms) = postSolution
		{ECCFBCB6-4418-4C5C-9913-BE43A010C506}.Debug|Any CPU.ActiveCfg = Debug|Any CPU
		{ECCFBCB6-4418-4C5C-9913-BE43A010C506}.Debug|Any CPU.Build.0 = Debug|Any CPU
		{ECCFBCB6-4418-4C5C-9913-BE43A010C506}.Release|Any CPU.ActiveCfg = Release|Any CPU
		{ECCFBCB6-4418-4C5C-9913-BE43A010C506}.Release|Any CPU.Build.0 = Release|Any CPU
		{372225C1-57BA-4DF7-B370-E99E9B58801A}.Debug|Any CPU.ActiveCfg = Debug|Any CPU
		{372225C1-57BA-4DF7-B370-E99E9B58801A}.Debug|Any CPU.Build.0 = Debug|Any CPU
		{372225C1-57BA-4DF7-B370-E99E9B58801A}.Release|Any CPU.ActiveCfg = Release|Any CPU
		{372225C1-57BA-4DF7-B370-E99E9B58801A}.Release|Any CPU.Build.0 = Release|Any CPU
		{CCB0D557-B66B-4837-880E-D88F88201D4A}.Debug|Any CPU.ActiveCfg = Debug|Any CPU
		{CCB0D557-B66B-4837-880E-D88F88201D4A}.Debug|Any CPU.Build.0 = Debug|Any CPU
		{CCB0D557-B66B-4837-880E-D88F88201D4A}.Release|Any CPU.ActiveCfg = Release|Any CPU
		{CCB0D557-B66B-4837-880E-D88F88201D4A}.Release|Any CPU.Build.0 = Release|Any CPU
		{87F592E0-AF32-4BAD-8627-33E5BCADBBD3}.Debug|Any CPU.ActiveCfg = Debug|Any CPU
		{87F592E0-AF32-4BAD-8627-33E5BCADBBD3}.Debug|Any CPU.Build.0 = Debug|Any CPU
		{87F592E0-AF32-4BAD-8627-33E5BCADBBD3}.Release|Any CPU.ActiveCfg = Release|Any CPU
		{87F592E0-AF32-4BAD-8627-33E5BCADBBD3}.Release|Any CPU.Build.0 = Release|Any CPU
		{B8C7D805-FF8C-40CD-8BDA-365F994089F7}.Debug|Any CPU.ActiveCfg = Debug|Any CPU
		{B8C7D805-FF8C-40CD-8BDA-365F994089F7}.Debug|Any CPU.Build.0 = Debug|Any CPU
		{B8C7D805-FF8C-40CD-8BDA-365F994089F7}.Release|Any CPU.ActiveCfg = Release|Any CPU
		{B8C7D805-FF8C-40CD-8BDA-365F994089F7}.Release|Any CPU.Build.0 = Release|Any CPU
		{47C0E48B-2300-4D3F-8866-A23498D89DF8}.Debug|Any CPU.ActiveCfg = Debug|Any CPU
		{47C0E48B-2300-4D3F-8866-A23498D89DF8}.Debug|Any CPU.Build.0 = Debug|Any CPU
		{47C0E48B-2300-4D3F-8866-A23498D89DF8}.Release|Any CPU.ActiveCfg = Release|Any CPU
		{47C0E48B-2300-4D3F-8866-A23498D89DF8}.Release|Any CPU.Build.0 = Release|Any CPU
		{3EC938FA-6BC3-4878-B23D-85C10BC1B070}.Debug|Any CPU.ActiveCfg = Debug|Any CPU
		{3EC938FA-6BC3-4878-B23D-85C10BC1B070}.Debug|Any CPU.Build.0 = Debug|Any CPU
		{3EC938FA-6BC3-4878-B23D-85C10BC1B070}.Release|Any CPU.ActiveCfg = Release|Any CPU
		{3EC938FA-6BC3-4878-B23D-85C10BC1B070}.Release|Any CPU.Build.0 = Release|Any CPU
		{ADE4B8F0-9A7A-4283-8E78-46FCDF5DECEE}.Debug|Any CPU.ActiveCfg = Debug|Any CPU
		{ADE4B8F0-9A7A-4283-8E78-46FCDF5DECEE}.Debug|Any CPU.Build.0 = Debug|Any CPU
		{ADE4B8F0-9A7A-4283-8E78-46FCDF5DECEE}.Release|Any CPU.ActiveCfg = Release|Any CPU
		{ADE4B8F0-9A7A-4283-8E78-46FCDF5DECEE}.Release|Any CPU.Build.0 = Release|Any CPU
		{7E925EF4-BF8E-4FA7-A541-C7B8BA6D9421}.Debug|Any CPU.ActiveCfg = Debug|Any CPU
		{7E925EF4-BF8E-4FA7-A541-C7B8BA6D9421}.Debug|Any CPU.Build.0 = Debug|Any CPU
		{7E925EF4-BF8E-4FA7-A541-C7B8BA6D9421}.Release|Any CPU.ActiveCfg = Release|Any CPU
		{7E925EF4-BF8E-4FA7-A541-C7B8BA6D9421}.Release|Any CPU.Build.0 = Release|Any CPU
		{C73746AB-6EED-4E4C-93CA-55DA372192F0}.Debug|Any CPU.ActiveCfg = Debug|Any CPU
		{C73746AB-6EED-4E4C-93CA-55DA372192F0}.Debug|Any CPU.Build.0 = Debug|Any CPU
		{C73746AB-6EED-4E4C-93CA-55DA372192F0}.Release|Any CPU.ActiveCfg = Release|Any CPU
		{C73746AB-6EED-4E4C-93CA-55DA372192F0}.Release|Any CPU.Build.0 = Release|Any CPU
		{6D8DB1EB-0678-4A90-B6F7-13C290F15F5D}.Debug|Any CPU.ActiveCfg = Debug|Any CPU
		{6D8DB1EB-0678-4A90-B6F7-13C290F15F5D}.Debug|Any CPU.Build.0 = Debug|Any CPU
		{6D8DB1EB-0678-4A90-B6F7-13C290F15F5D}.Release|Any CPU.ActiveCfg = Release|Any CPU
		{6D8DB1EB-0678-4A90-B6F7-13C290F15F5D}.Release|Any CPU.Build.0 = Release|Any CPU
		{D6F1A47D-58AF-46E4-914D-898172F99D5B}.Debug|Any CPU.ActiveCfg = Debug|Any CPU
		{D6F1A47D-58AF-46E4-914D-898172F99D5B}.Debug|Any CPU.Build.0 = Debug|Any CPU
		{D6F1A47D-58AF-46E4-914D-898172F99D5B}.Release|Any CPU.ActiveCfg = Release|Any CPU
		{D6F1A47D-58AF-46E4-914D-898172F99D5B}.Release|Any CPU.Build.0 = Release|Any CPU
		{4155D8AC-4839-45DD-ABBF-73A9CE9688AF}.Debug|Any CPU.ActiveCfg = Debug|Any CPU
		{4155D8AC-4839-45DD-ABBF-73A9CE9688AF}.Debug|Any CPU.Build.0 = Debug|Any CPU
		{4155D8AC-4839-45DD-ABBF-73A9CE9688AF}.Release|Any CPU.ActiveCfg = Release|Any CPU
		{4155D8AC-4839-45DD-ABBF-73A9CE9688AF}.Release|Any CPU.Build.0 = Release|Any CPU
	EndGlobalSection
EndGlobal
